PODS:
  - JGMethodSwizzler (2.0.1)
  - MZAppearance (1.1.5)
  - MZFormSheetPresentationController (2.4.2):
    - MZAppearance

DEPENDENCIES:
  - JGMethodSwizzler
  - MZAppearance
  - MZFormSheetPresentationController

SPEC CHECKSUMS:
  JGMethodSwizzler: e0ea5c1c6c55304ec4ef3f54e441400c6735c899
  MZAppearance: 6e9dc64e42074c0a19812a327f590746c3283bab
  MZFormSheetPresentationController: c1dc3bce639d2393b3cc416fcb6e050eb5bca062

PODFILE CHECKSUM: 2f779fb7550e31545872928c116610cda3af1ffd

COCOAPODS: 1.1.1
